
Microsoft Visual Studio Solution File, Format Version 11.00
# Visual Studio 2010
Project("{FAE04EC0-301F-11D3-BF4B-00C04F79EFBC}") = "SensorSample", "SensorSample\SensorSample.csproj", "{679EE0F0-9D96-41F8-B3B7-D0B0CFC17391}"
EndProject
Global
	GlobalSection(SolutionConfigurationPlatforms) = preSolution
		Debug|x86 = Debug|x86
		Release|x86 = Release|x86
	EndGlobalSection
	GlobalSection(ProjectConfigurationPlatforms) = postSolution
		{679EE0F0-9D96-41F8-B3B7-D0B0CFC17391}.Debug|x86.ActiveCfg = Debug|x86
		{679EE0F0-9D96-41F8-B3B7-D0B0CFC17391}.Debug|x86.Build.0 = Debug|x86
		{679EE0F0-9D96-41F8-B3B7-D0B0CFC17391}.Release|x86.ActiveCfg = Release|x86
		{679EE0F0-9D96-41F8-B3B7-D0B0CFC17391}.Release|x86.Build.0 = Release|x86
	EndGlobalSection
	GlobalSection(SolutionProperties) = preSolution
		HideSolutionNode = FALSE
	EndGlobalSection
EndGlobal
